dependencies:
- name: postgresql
  repository: https://charts.bitnami.com/bitnami
  version: 15.5.27
- name: redis
  repository: https://charts.bitnami.com/bitnami
  version: 17.15.2
digest: sha256:808b4ca276c5bb02f3355cea59181445228bb65bda19cecb0c3d04b9f0bb620a
generated: "2024-08-30T12:33:45.221806+01:00"
