dependencies:
- name: postgresql
  repository: https://charts.bitnami.com/bitnami
  version: 15.5.38
- name: redis
  repository: https://charts.bitnami.com/bitnami
  version: 23.1.1
digest: sha256:0ea3f6a9ff6e1980c107c81369b9e1f0665812d24f3fd969d764699dbc6ab54d
generated: "2025-10-08T10:48:11.461503+01:00"
